// !$*UTF8*$!
{
	archiveVersion = 1;
	classes = {
	};
	objectVersion = 46;
	objects = {

/* Begin PBXBuildFile section */
		35B78A171A2F882000C04018 /* AppDelegate.m in Sources */ = {isa = PBXBuildFile; fileRef = 35B78A161A2F882000C04018 /* AppDelegate.m */; };
		35B78A231A2F882000C04018 /* Main.storyboard in Resources */ = {isa = PBXBuildFile; fileRef = 35B78A211A2F882000C04018 /* Main.storyboard */; };
		35B78A341A2F882000C04018 /* ScentLaneTests.m in Sources */ = {isa = PBXBuildFile; fileRef = 35B78A331A2F882000C04018 /* ScentLaneTests.m */; };
		35B78A421A2F89D700C04018 /* MulticolorPolylineSegment.m in Sources */ = {isa = PBXBuildFile; fileRef = 35B78A3F1A2F89D700C04018 /* MulticolorPolylineSegment.m */; };
		35B78A431A2F89D700C04018 /* RunCell.m in Sources */ = {isa = PBXBuildFile; fileRef = 35B78A411A2F89D700C04018 /* RunCell.m */; };
		35B78A551A2F89E300C04018 /* AccountViewController.m in Sources */ = {isa = PBXBuildFile; fileRef = 35B78A461A2F89E300C04018 /* AccountViewController.m */; };
		35B78A561A2F89E300C04018 /* LoginViewController.m in Sources */ = {isa = PBXBuildFile; fileRef = 35B78A481A2F89E300C04018 /* LoginViewController.m */; };
		35B78A571A2F89E300C04018 /* MapViewController.m in Sources */ = {isa = PBXBuildFile; fileRef = 35B78A4A1A2F89E300C04018 /* MapViewController.m */; };
		35B78A581A2F89E300C04018 /* MenuViewController.m in Sources */ = {isa = PBXBuildFile; fileRef = 35B78A4C1A2F89E300C04018 /* MenuViewController.m */; };
		35B78A591A2F89E300C04018 /* CurrentTrailViewController.m in Sources */ = {isa = PBXBuildFile; fileRef = 35B78A4E1A2F89E300C04018 /* CurrentTrailViewController.m */; };
		35B78A5A1A2F89E300C04018 /* TrailsViewController.m in Sources */ = {isa = PBXBuildFile; fileRef = 35B78A501A2F89E300C04018 /* TrailsViewController.m */; };
		35B78A5B1A2F89E300C04018 /* TrailDetailsViewController.m in Sources */ = {isa = PBXBuildFile; fileRef = 35B78A521A2F89E300C04018 /* TrailDetailsViewController.m */; };
		35B78A5C1A2F89E300C04018 /* WeatherViewController.m in Sources */ = {isa = PBXBuildFile; fileRef = 35B78A541A2F89E300C04018 /* WeatherViewController.m */; };
		35B78A6F1A2F8C4B00C04018 /* ScentLane.xcdatamodeld in Sources */ = {isa = PBXBuildFile; fileRef = 35B78A6D1A2F8C4B00C04018 /* ScentLane.xcdatamodeld */; };
		35B78A791A2FA40100C04018 /* FacebookSDK.framework in Frameworks */ = {isa = PBXBuildFile; fileRef = 35B78A781A2FA40100C04018 /* FacebookSDK.framework */; };
		35B78A7B1A2FA43000C04018 /* CoreLocation.framework in Frameworks */ = {isa = PBXBuildFile; fileRef = 35B78A7A1A2FA43000C04018 /* CoreLocation.framework */; };
		35B78A7D1A2FA43B00C04018 /* MapKit.framework in Frameworks */ = {isa = PBXBuildFile; fileRef = 35B78A7C1A2FA43B00C04018 /* MapKit.framework */; };
		35B78A7F1A2FA44100C04018 /* UIKit.framework in Frameworks */ = {isa = PBXBuildFile; fileRef = 35B78A7E1A2FA44100C04018 /* UIKit.framework */; };
		35B78A811A2FA44C00C04018 /* CoreGraphics.framework in Frameworks */ = {isa = PBXBuildFile; fileRef = 35B78A801A2FA44C00C04018 /* CoreGraphics.framework */; };
		35B78A831A2FA45200C04018 /* Foundation.framework in Frameworks */ = {isa = PBXBuildFile; fileRef = 35B78A821A2FA45200C04018 /* Foundation.framework */; };
		35B78A871A2FA4AB00C04018 /* SWRevealViewController.m in Sources */ = {isa = PBXBuildFile; fileRef = 35B78A861A2FA4AB00C04018 /* SWRevealViewController.m */; };
		35B78A8B1A2FA4FD00C04018 /* MathController.m in Sources */ = {isa = PBXBuildFile; fileRef = 35B78A8A1A2FA4FD00C04018 /* MathController.m */; };
		35B78A931A30430B00C04018 /* InfoPlist.strings in Resources */ = {isa = PBXBuildFile; fileRef = 35B78A901A30430B00C04018 /* InfoPlist.strings */; };
		35B78A941A30430B00C04018 /* main.m in Sources */ = {isa = PBXBuildFile; fileRef = 35B78A911A30430B00C04018 /* main.m */; };
		35B78A961A30431D00C04018 /* Images.xcassets in Resources */ = {isa = PBXBuildFile; fileRef = 35B78A951A30431D00C04018 /* Images.xcassets */; };
		35B78AA81A30656D00C04018 /* Location.m in Sources */ = {isa = PBXBuildFile; fileRef = 35B78AA71A30656D00C04018 /* Location.m */; };
		35B78AAB1A30656D00C04018 /* Trail.m in Sources */ = {isa = PBXBuildFile; fileRef = 35B78AAA1A30656D00C04018 /* Trail.m */; };
/* End PBXBuildFile section */

/* Begin PBXContainerItemProxy section */
		35B78A2E1A2F882000C04018 /* PBXContainerItemProxy */ = {
			isa = PBXContainerItemProxy;
			containerPortal = 35B78A061A2F882000C04018 /* Project object */;
			proxyType = 1;
			remoteGlobalIDString = 35B78A0D1A2F882000C04018;
			remoteInfo = ScentLane;
		};
/* End PBXContainerItemProxy section */

/* Begin PBXFileReference section */
		35B78A0E1A2F882000C04018 /* ScentLane.app */ = {isa = PBXFileReference; explicitFileType = wrapper.application; includeInIndex = 0; path = ScentLane.app; sourceTree = BUILT_PRODUCTS_DIR; };
		35B78A151A2F882000C04018 /* AppDelegate.h */ = {isa = PBXFileReference; lastKnownFileType = sourcecode.c.h; path = AppDelegate.h; sourceTree = "<group>"; };
		35B78A161A2F882000C04018 /* AppDelegate.m */ = {isa = PBXFileReference; lastKnownFileType = sourcecode.c.objc; path = AppDelegate.m; sourceTree = "<group>"; };
		35B78A221A2F882000C04018 /* Base */ = {isa = PBXFileReference; lastKnownFileType = file.storyboard; name = Base; path = Base.lproj/Main.storyboard; sourceTree = "<group>"; };
		35B78A2D1A2F882000C04018 /* ScentLaneTests.xctest */ = {isa = PBXFileReference; explicitFileType = wrapper.cfbundle; includeInIndex = 0; path = ScentLaneTests.xctest; sourceTree = BUILT_PRODUCTS_DIR; };
		35B78A321A2F882000C04018 /* Info.plist */ = {isa = PBXFileReference; lastKnownFileType = text.plist.xml; path = Info.plist; sourceTree = "<group>"; };
		35B78A331A2F882000C04018 /* ScentLaneTests.m */ = {isa = PBXFileReference; lastKnownFileType = sourcecode.c.objc; path = ScentLaneTests.m; sourceTree = "<group>"; };
		35B78A3E1A2F89D700C04018 /* MulticolorPolylineSegment.h */ = {isa = PBXFileReference; fileEncoding = 4; lastKnownFileType = sourcecode.c.h; path = MulticolorPolylineSegment.h; sourceTree = "<group>"; };
		35B78A3F1A2F89D700C04018 /* MulticolorPolylineSegment.m */ = {isa = PBXFileReference; fileEncoding = 4; lastKnownFileType = sourcecode.c.objc; path = MulticolorPolylineSegment.m; sourceTree = "<group>"; };
		35B78A401A2F89D700C04018 /* RunCell.h */ = {isa = PBXFileReference; fileEncoding = 4; lastKnownFileType = sourcecode.c.h; path = RunCell.h; sourceTree = "<group>"; };
		35B78A411A2F89D700C04018 /* RunCell.m */ = {isa = PBXFileReference; fileEncoding = 4; lastKnownFileType = sourcecode.c.objc; path = RunCell.m; sourceTree = "<group>"; };
		35B78A451A2F89E300C04018 /* AccountViewController.h */ = {isa = PBXFileReference; fileEncoding = 4; lastKnownFileType = sourcecode.c.h; path = AccountViewController.h; sourceTree = "<group>"; };
		35B78A461A2F89E300C04018 /* AccountViewController.m */ = {isa = PBXFileReference; fileEncoding = 4; lastKnownFileType = sourcecode.c.objc; path = AccountViewController.m; sourceTree = "<group>"; };
		35B78A471A2F89E300C04018 /* LoginViewController.h */ = {isa = PBXFileReference; fileEncoding = 4; lastKnownFileType = sourcecode.c.h; path = LoginViewController.h; sourceTree = "<group>"; };
		35B78A481A2F89E300C04018 /* LoginViewController.m */ = {isa = PBXFileReference; fileEncoding = 4; lastKnownFileType = sourcecode.c.objc; path = LoginViewController.m; sourceTree = "<group>"; };
		35B78A491A2F89E300C04018 /* MapViewController.h */ = {isa = PBXFileReference; fileEncoding = 4; lastKnownFileType = sourcecode.c.h; path = MapViewController.h; sourceTree = "<group>"; };
		35B78A4A1A2F89E300C04018 /* MapViewController.m */ = {isa = PBXFileReference; fileEncoding = 4; lastKnownFileType = sourcecode.c.objc; path = MapViewController.m; sourceTree = "<group>"; };
		35B78A4B1A2F89E300C04018 /* MenuViewController.h */ = {isa = PBXFileReference; fileEncoding = 4; lastKnownFileType = sourcecode.c.h; path = MenuViewController.h; sourceTree = "<group>"; };
		35B78A4C1A2F89E300C04018 /* MenuViewController.m */ = {isa = PBXFileReference; fileEncoding = 4; lastKnownFileType = sourcecode.c.objc; path = MenuViewController.m; sourceTree = "<group>"; };
		35B78A4D1A2F89E300C04018 /* CurrentTrailViewController.h */ = {isa = PBXFileReference; fileEncoding = 4; lastKnownFileType = sourcecode.c.h; path = CurrentTrailViewController.h; sourceTree = "<group>"; };
		35B78A4E1A2F89E300C04018 /* CurrentTrailViewController.m */ = {isa = PBXFileReference; fileEncoding = 4; lastKnownFileType = sourcecode.c.objc; path = CurrentTrailViewController.m; sourceTree = "<group>"; };
		35B78A4F1A2F89E300C04018 /* TrailsViewController.h */ = {isa = PBXFileReference; fileEncoding = 4; lastKnownFileType = sourcecode.c.h; path = TrailsViewController.h; sourceTree = "<group>"; };
		35B78A501A2F89E300C04018 /* TrailsViewController.m */ = {isa = PBXFileReference; fileEncoding = 4; lastKnownFileType = sourcecode.c.objc; path = TrailsViewController.m; sourceTree = "<group>"; };
		35B78A511A2F89E300C04018 /* TrailDetailsViewController.h */ = {isa = PBXFileReference; fileEncoding = 4; lastKnownFileType = sourcecode.c.h; path = TrailDetailsViewController.h; sourceTree = "<group>"; };
		35B78A521A2F89E300C04018 /* TrailDetailsViewController.m */ = {isa = PBXFileReference; fileEncoding = 4; lastKnownFileType = sourcecode.c.objc; path = TrailDetailsViewController.m; sourceTree = "<group>"; };
		35B78A531A2F89E300C04018 /* WeatherViewController.h */ = {isa = PBXFileReference; fileEncoding = 4; lastKnownFileType = sourcecode.c.h; path = WeatherViewController.h; sourceTree = "<group>"; };
		35B78A541A2F89E300C04018 /* WeatherViewController.m */ = {isa = PBXFileReference; fileEncoding = 4; lastKnownFileType = sourcecode.c.objc; path = WeatherViewController.m; sourceTree = "<group>"; };
		35B78A6E1A2F8C4B00C04018 /* ScentLane.xcdatamodel */ = {isa = PBXFileReference; lastKnownFileType = wrapper.xcdatamodel; path = ScentLane.xcdatamodel; sourceTree = "<group>"; };
		35B78A781A2FA40100C04018 /* FacebookSDK.framework */ = {isa = PBXFileReference; lastKnownFileType = wrapper.framework; name = FacebookSDK.framework; path = ../../FacebookSDK/FacebookSDK.framework; sourceTree = "<group>"; };
		35B78A7A1A2FA43000C04018 /* CoreLocation.framework */ = {isa = PBXFileReference; lastKnownFileType = wrapper.framework; name = CoreLocation.framework; path = System/Library/Frameworks/CoreLocation.framework; sourceTree = SDKROOT; };
		35B78A7C1A2FA43B00C04018 /* MapKit.framework */ = {isa = PBXFileReference; lastKnownFileType = wrapper.framework; name = MapKit.framework; path = System/Library/Frameworks/MapKit.framework; sourceTree = SDKROOT; };
		35B78A7E1A2FA44100C04018 /* UIKit.framework */ = {isa = PBXFileReference; lastKnownFileType = wrapper.framework; name = UIKit.framework; path = System/Library/Frameworks/UIKit.framework; sourceTree = SDKROOT; };
		35B78A801A2FA44C00C04018 /* CoreGraphics.framework */ = {isa = PBXFileReference; lastKnownFileType = wrapper.framework; name = CoreGraphics.framework; path = System/Library/Frameworks/CoreGraphics.framework; sourceTree = SDKROOT; };
		35B78A821A2FA45200C04018 /* Foundation.framework */ = {isa = PBXFileReference; lastKnownFileType = wrapper.framework; name = Foundation.framework; path = System/Library/Frameworks/Foundation.framework; sourceTree = SDKROOT; };
		35B78A851A2FA4AB00C04018 /* SWRevealViewController.h */ = {isa = PBXFileReference; fileEncoding = 4; lastKnownFileType = sourcecode.c.h; path = SWRevealViewController.h; sourceTree = "<group>"; };
		35B78A861A2FA4AB00C04018 /* SWRevealViewController.m */ = {isa = PBXFileReference; fileEncoding = 4; lastKnownFileType = sourcecode.c.objc; path = SWRevealViewController.m; sourceTree = "<group>"; };
		35B78A891A2FA4FD00C04018 /* MathController.h */ = {isa = PBXFileReference; fileEncoding = 4; lastKnownFileType = sourcecode.c.h; path = MathController.h; sourceTree = "<group>"; };
		35B78A8A1A2FA4FD00C04018 /* MathController.m */ = {isa = PBXFileReference; fileEncoding = 4; lastKnownFileType = sourcecode.c.objc; path = MathController.m; sourceTree = "<group>"; };
		35B78A901A30430B00C04018 /* InfoPlist.strings */ = {isa = PBXFileReference; fileEncoding = 4; lastKnownFileType = text.plist.strings; name = InfoPlist.strings; path = Resources/InfoPlist.strings; sourceTree = "<group>"; };
		35B78A911A30430B00C04018 /* main.m */ = {isa = PBXFileReference; fileEncoding = 4; lastKnownFileType = sourcecode.c.objc; name = main.m; path = Resources/main.m; sourceTree = "<group>"; };
		35B78A951A30431D00C04018 /* Images.xcassets */ = {isa = PBXFileReference; lastKnownFileType = folder.assetcatalog; name = Images.xcassets; path = Resources/Images.xcassets; sourceTree = "<group>"; };
		35B78A991A304D2A00C04018 /* Info.plist */ = {isa = PBXFileReference; lastKnownFileType = text.plist.xml; name = Info.plist; path = Resources/Info.plist; sourceTree = "<group>"; };
		35B78AA61A30656D00C04018 /* Location.h */ = {isa = PBXFileReference; fileEncoding = 4; lastKnownFileType = sourcecode.c.h; name = Location.h; path = Model/Location.h; sourceTree = "<group>"; };
		35B78AA71A30656D00C04018 /* Location.m */ = {isa = PBXFileReference; fileEncoding = 4; lastKnownFileType = sourcecode.c.objc; name = Location.m; path = Model/Location.m; sourceTree = "<group>"; };
		35B78AA91A30656D00C04018 /* Trail.h */ = {isa = PBXFileReference; fileEncoding = 4; lastKnownFileType = sourcecode.c.h; name = Trail.h; path = Model/Trail.h; sourceTree = "<group>"; };
		35B78AAA1A30656D00C04018 /* Trail.m */ = {isa = PBXFileReference; fileEncoding = 4; lastKnownFileType = sourcecode.c.objc; name = Trail.m; path = Model/Trail.m; sourceTree = "<group>"; };
/* End PBXFileReference section */

/* Begin PBXFrameworksBuildPhase section */
		35B78A0B1A2F882000C04018 /* Frameworks */ = {
			isa = PBXFrameworksBuildPhase;
			buildActionMask = 2147483647;
			files = (
				35B78A831A2FA45200C04018 /* Foundation.framework in Frameworks */,
				35B78A811A2FA44C00C04018 /* CoreGraphics.framework in Frameworks */,
				35B78A7F1A2FA44100C04018 /* UIKit.framework in Frameworks */,
				35B78A7D1A2FA43B00C04018 /* MapKit.framework in Frameworks */,
				35B78A7B1A2FA43000C04018 /* CoreLocation.framework in Frameworks */,
				35B78A791A2FA40100C04018 /* FacebookSDK.framework in Frameworks */,
			);
			runOnlyForDeploymentPostprocessing = 0;
		};
		35B78A2A1A2F882000C04018 /* Frameworks */ = {
			isa = PBXFrameworksBuildPhase;
			buildActionMask = 2147483647;
			files = (
			);
			runOnlyForDeploymentPostprocessing = 0;
		};
/* End PBXFrameworksBuildPhase section */

/* Begin PBXGroup section */
		35B78A051A2F882000C04018 = {
			isa = PBXGroup;
			children = (
				35B78A101A2F882000C04018 /* ScentLane */,
				35B78A301A2F882000C04018 /* ScentLaneTests */,
				35B78A0F1A2F882000C04018 /* Products */,
				35B78A8E1A30409900C04018 /* Framework */,
			);
			sourceTree = "<group>";
		};
		35B78A0F1A2F882000C04018 /* Products */ = {
			isa = PBXGroup;
			children = (
				35B78A0E1A2F882000C04018 /* ScentLane.app */,
				35B78A2D1A2F882000C04018 /* ScentLaneTests.xctest */,
			);
			name = Products;
			sourceTree = "<group>";
		};
		35B78A101A2F882000C04018 /* ScentLane */ = {
			isa = PBXGroup;
			children = (
				35B78A151A2F882000C04018 /* AppDelegate.h */,
				35B78A161A2F882000C04018 /* AppDelegate.m */,
				35B78A211A2F882000C04018 /* Main.storyboard */,
				35B78A5D1A2F8A0A00C04018 /* Model */,
				35B78A881A2FA4FD00C04018 /* Controller */,
				35B78A441A2F89E300C04018 /* ViewController */,
				35B78A3D1A2F89D700C04018 /* View */,
				35B78A111A2F882000C04018 /* Supporting Files */,
			);
			path = ScentLane;
			sourceTree = "<group>";
		};
		35B78A111A2F882000C04018 /* Supporting Files */ = {
			isa = PBXGroup;
			children = (
				35B78A991A304D2A00C04018 /* Info.plist */,
				35B78A951A30431D00C04018 /* Images.xcassets */,
				35B78A901A30430B00C04018 /* InfoPlist.strings */,
				35B78A911A30430B00C04018 /* main.m */,
			);
			name = "Supporting Files";
			sourceTree = "<group>";
		};
		35B78A301A2F882000C04018 /* ScentLaneTests */ = {
			isa = PBXGroup;
			children = (
				35B78A331A2F882000C04018 /* ScentLaneTests.m */,
				35B78A311A2F882000C04018 /* Supporting Files */,
			);
			path = ScentLaneTests;
			sourceTree = "<group>";
		};
		35B78A311A2F882000C04018 /* Supporting Files */ = {
			isa = PBXGroup;
			children = (
				35B78A321A2F882000C04018 /* Info.plist */,
			);
			name = "Supporting Files";
			sourceTree = "<group>";
		};
		35B78A3D1A2F89D700C04018 /* View */ = {
			isa = PBXGroup;
			children = (
				35B78A3E1A2F89D700C04018 /* MulticolorPolylineSegment.h */,
				35B78A3F1A2F89D700C04018 /* MulticolorPolylineSegment.m */,
				35B78A401A2F89D700C04018 /* RunCell.h */,
				35B78A411A2F89D700C04018 /* RunCell.m */,
			);
			path = View;
			sourceTree = "<group>";
		};
		35B78A441A2F89E300C04018 /* ViewController */ = {
			isa = PBXGroup;
			children = (
				35B78A451A2F89E300C04018 /* AccountViewController.h */,
				35B78A461A2F89E300C04018 /* AccountViewController.m */,
				35B78A471A2F89E300C04018 /* LoginViewController.h */,
				35B78A481A2F89E300C04018 /* LoginViewController.m */,
				35B78A491A2F89E300C04018 /* MapViewController.h */,
				35B78A4A1A2F89E300C04018 /* MapViewController.m */,
				35B78A4B1A2F89E300C04018 /* MenuViewController.h */,
				35B78A4C1A2F89E300C04018 /* MenuViewController.m */,
				35B78A4D1A2F89E300C04018 /* CurrentTrailViewController.h */,
				35B78A4E1A2F89E300C04018 /* CurrentTrailViewController.m */,
				35B78A4F1A2F89E300C04018 /* TrailsViewController.h */,
				35B78A501A2F89E300C04018 /* TrailsViewController.m */,
				35B78A511A2F89E300C04018 /* TrailDetailsViewController.h */,
				35B78A521A2F89E300C04018 /* TrailDetailsViewController.m */,
				35B78A531A2F89E300C04018 /* WeatherViewController.h */,
				35B78A541A2F89E300C04018 /* WeatherViewController.m */,
			);
			path = ViewController;
			sourceTree = "<group>";
		};
		35B78A5D1A2F8A0A00C04018 /* Model */ = {
			isa = PBXGroup;
			children = (
				35B78A6D1A2F8C4B00C04018 /* ScentLane.xcdatamodeld */,
				35B78AA91A30656D00C04018 /* Trail.h */,
				35B78AAA1A30656D00C04018 /* Trail.m */,
				35B78AA61A30656D00C04018 /* Location.h */,
				35B78AA71A30656D00C04018 /* Location.m */,
			);
			name = Model;
			sourceTree = "<group>";
		};
		35B78A841A2FA4AB00C04018 /* SWRevealViewController */ = {
			isa = PBXGroup;
			children = (
				35B78A851A2FA4AB00C04018 /* SWRevealViewController.h */,
				35B78A861A2FA4AB00C04018 /* SWRevealViewController.m */,
			);
			name = SWRevealViewController;
			path = ScentLane/ViewController/SWRevealViewController;
			sourceTree = "<group>";
		};
		35B78A881A2FA4FD00C04018 /* Controller */ = {
			isa = PBXGroup;
			children = (
				35B78A891A2FA4FD00C04018 /* MathController.h */,
				35B78A8A1A2FA4FD00C04018 /* MathController.m */,
			);
			path = Controller;
			sourceTree = "<group>";
		};
		35B78A8E1A30409900C04018 /* Framework */ = {
			isa = PBXGroup;
			children = (
				35B78A841A2FA4AB00C04018 /* SWRevealViewController */,
				35B78A821A2FA45200C04018 /* Foundation.framework */,
				35B78A801A2FA44C00C04018 /* CoreGraphics.framework */,
				35B78A7E1A2FA44100C04018 /* UIKit.framework */,
				35B78A7C1A2FA43B00C04018 /* MapKit.framework */,
				35B78A7A1A2FA43000C04018 /* CoreLocation.framework */,
				35B78A781A2FA40100C04018 /* FacebookSDK.framework */,
			);
			name = Framework;
			sourceTree = "<group>";
		};
/* End PBXGroup section */

/* Begin PBXNativeTarget section */
		35B78A0D1A2F882000C04018 /* ScentLane */ = {
			isa = PBXNativeTarget;
			buildConfigurationList = 35B78A371A2F882000C04018 /* Build configuration list for PBXNativeTarget "ScentLane" */;
			buildPhases = (
				35B78A0A1A2F882000C04018 /* Sources */,
				35B78A0B1A2F882000C04018 /* Frameworks */,
				35B78A0C1A2F882000C04018 /* Resources */,
			);
			buildRules = (
			);
			dependencies = (
			);
			name = ScentLane;
			productName = ScentLane;
			productReference = 35B78A0E1A2F882000C04018 /* ScentLane.app */;
			productType = "com.apple.product-type.application";
		};
		35B78A2C1A2F882000C04018 /* ScentLaneTests */ = {
			isa = PBXNativeTarget;
			buildConfigurationList = 35B78A3A1A2F882000C04018 /* Build configuration list for PBXNativeTarget "ScentLaneTests" */;
			buildPhases = (
				35B78A291A2F882000C04018 /* Sources */,
				35B78A2A1A2F882000C04018 /* Frameworks */,
				35B78A2B1A2F882000C04018 /* Resources */,
			);
			buildRules = (
			);
			dependencies = (
				35B78A2F1A2F882000C04018 /* PBXTargetDependency */,
			);
			name = ScentLaneTests;
			productName = ScentLaneTests;
			productReference = 35B78A2D1A2F882000C04018 /* ScentLaneTests.xctest */;
			productType = "com.apple.product-type.bundle.unit-test";
		};
/* End PBXNativeTarget section */

/* Begin PBXProject section */
		35B78A061A2F882000C04018 /* Project object */ = {
			isa = PBXProject;
			attributes = {
				LastUpgradeCheck = 0610;
				ORGANIZATIONNAME = Steckler;
				TargetAttributes = {
					35B78A0D1A2F882000C04018 = {
						CreatedOnToolsVersion = 6.1;
						DevelopmentTeam = PMU776U7FN;
						SystemCapabilities = {
							com.apple.BackgroundModes = {
								enabled = 1;
							};
						};
					};
					35B78A2C1A2F882000C04018 = {
						CreatedOnToolsVersion = 6.1;
						TestTargetID = 35B78A0D1A2F882000C04018;
					};
				};
			};
			buildConfigurationList = 35B78A091A2F882000C04018 /* Build configuration list for PBXProject "ScentLane" */;
			compatibilityVersion = "Xcode 3.2";
			developmentRegion = English;
			hasScannedForEncodings = 0;
			knownRegions = (
				en,
				Base,
			);
			mainGroup = 35B78A051A2F882000C04018;
			productRefGroup = 35B78A0F1A2F882000C04018 /* Products */;
			projectDirPath = "";
			projectRoot = "";
			targets = (
				35B78A0D1A2F882000C04018 /* ScentLane */,
				35B78A2C1A2F882000C04018 /* ScentLaneTests */,
			);
		};
/* End PBXProject section */

/* Begin PBXResourcesBuildPhase section */
		35B78A0C1A2F882000C04018 /* Resources */ = {
			isa = PBXResourcesBuildPhase;
			buildActionMask = 2147483647;
			files = (
				35B78A931A30430B00C04018 /* InfoPlist.strings in Resources */,
				35B78A961A30431D00C04018 /* Images.xcassets in Resources */,
				35B78A231A2F882000C04018 /* Main.storyboard in Resources */,
			);
			runOnlyForDeploymentPostprocessing = 0;
		};
		35B78A2B1A2F882000C04018 /* Resources */ = {
			isa = PBXResourcesBuildPhase;
			buildActionMask = 2147483647;
			files = (
			);
			runOnlyForDeploymentPostprocessing = 0;
		};
/* End PBXResourcesBuildPhase section */

/* Begin PBXSourcesBuildPhase section */
		35B78A0A1A2F882000C04018 /* Sources */ = {
			isa = PBXSourcesBuildPhase;
			buildActionMask = 2147483647;
			files = (
				35B78A581A2F89E300C04018 /* MenuViewController.m in Sources */,
				35B78A431A2F89D700C04018 /* RunCell.m in Sources */,
				35B78A171A2F882000C04018 /* AppDelegate.m in Sources */,
				35B78A8B1A2FA4FD00C04018 /* MathController.m in Sources */,
				35B78A571A2F89E300C04018 /* MapViewController.m in Sources */,
				35B78A5A1A2F89E300C04018 /* TrailsViewController.m in Sources */,
				35B78A561A2F89E300C04018 /* LoginViewController.m in Sources */,
				35B78A591A2F89E300C04018 /* CurrentTrailViewController.m in Sources */,
				35B78A6F1A2F8C4B00C04018 /* ScentLane.xcdatamodeld in Sources */,
				35B78A551A2F89E300C04018 /* AccountViewController.m in Sources */,
				35B78A871A2FA4AB00C04018 /* SWRevealViewController.m in Sources */,
				35B78A941A30430B00C04018 /* main.m in Sources */,
				35B78A5C1A2F89E300C04018 /* WeatherViewController.m in Sources */,
				35B78AAB1A30656D00C04018 /* Trail.m in Sources */,
				35B78A421A2F89D700C04018 /* MulticolorPolylineSegment.m in Sources */,
				35B78AA81A30656D00C04018 /* Location.m in Sources */,
				35B78A5B1A2F89E300C04018 /* TrailDetailsViewController.m in Sources */,
			);
			runOnlyForDeploymentPostprocessing = 0;
		};
		35B78A291A2F882000C04018 /* Sources */ = {
			isa = PBXSourcesBuildPhase;
			buildActionMask = 2147483647;
			files = (
				35B78A341A2F882000C04018 /* ScentLaneTests.m in Sources */,
			);
			runOnlyForDeploymentPostprocessing = 0;
		};
/* End PBXSourcesBuildPhase section */

/* Begin PBXTargetDependency section */
		35B78A2F1A2F882000C04018 /* PBXTargetDependency */ = {
			isa = PBXTargetDependency;
			target = 35B78A0D1A2F882000C04018 /* ScentLane */;
			targetProxy = 35B78A2E1A2F882000C04018 /* PBXContainerItemProxy */;
		};
/* End PBXTargetDependency section */

/* Begin PBXVariantGroup section */
		35B78A211A2F882000C04018 /* Main.storyboard */ = {
			isa = PBXVariantGroup;
			children = (
				35B78A221A2F882000C04018 /* Base */,
			);
			name = Main.storyboard;
			sourceTree = "<group>";
		};
/* End PBXVariantGroup section */

/* Begin XCBuildConfiguration section */
		35B78A351A2F882000C04018 /* Debug */ = {
			isa = XCBuildConfiguration;
			buildSettings = {
				ALWAYS_SEARCH_USER_PATHS = NO;
				CLANG_CXX_LANGUAGE_STANDARD = "gnu++0x";
				CLANG_CXX_LIBRARY = "libc++";
				CLANG_ENABLE_MODULES = YES;
				CLANG_ENABLE_OBJC_ARC = YES;
				CLANG_WARN_BOOL_CONVERSION = YES;
				CLANG_WARN_CONSTANT_CONVERSION = YES;
				CLANG_WARN_DIRECT_OBJC_ISA_USAGE = YES_ERROR;
				CLANG_WARN_EMPTY_BODY = YES;
				CLANG_WARN_ENUM_CONVERSION = YES;
				CLANG_WARN_INT_CONVERSION = YES;
				CLANG_WARN_OBJC_ROOT_CLASS = YES_ERROR;
				CLANG_WARN_UNREACHABLE_CODE = YES;
				CLANG_WARN__DUPLICATE_METHOD_MATCH = YES;
				"CODE_SIGN_IDENTITY[sdk=iphoneos*]" = "iPhone Developer";
				COPY_PHASE_STRIP = NO;
				ENABLE_STRICT_OBJC_MSGSEND = YES;
				GCC_C_LANGUAGE_STANDARD = gnu99;
				GCC_DYNAMIC_NO_PIC = NO;
				GCC_OPTIMIZATION_LEVEL = 0;
				GCC_PREPROCESSOR_DEFINITIONS = (
					"DEBUG=1",
					"$(inherited)",
				);
				GCC_SYMBOLS_PRIVATE_EXTERN = NO;
				GCC_WARN_64_TO_32_BIT_CONVERSION = YES;
				GCC_WARN_ABOUT_RETURN_TYPE = YES_ERROR;
				GCC_WARN_UNDECLARED_SELECTOR = YES;
				GCC_WARN_UNINITIALIZED_AUTOS = YES_AGGRESSIVE;
				GCC_WARN_UNUSED_FUNCTION = YES;
				GCC_WARN_UNUSED_VARIABLE = YES;
				IPHONEOS_DEPLOYMENT_TARGET = 8.1;
				MTL_ENABLE_DEBUG_INFO = YES;
				ONLY_ACTIVE_ARCH = YES;
				SDKROOT = iphoneos;
				TARGETED_DEVICE_FAMILY = "1,2";
			};
			name = Debug;
		};
		35B78A361A2F882000C04018 /* Release */ = {
			isa = XCBuildConfiguration;
			buildSettings = {
				ALWAYS_SEARCH_USER_PATHS = NO;
				CLANG_CXX_LANGUAGE_STANDARD = "gnu++0x";
				CLANG_CXX_LIBRARY = "libc++";
				CLANG_ENABLE_MODULES = YES;
				CLANG_ENABLE_OBJC_ARC = YES;
				CLANG_WARN_BOOL_CONVERSION = YES;
				CLANG_WARN_CONSTANT_CONVERSION = YES;
				CLANG_WARN_DIRECT_OBJC_ISA_USAGE = YES_ERROR;
				CLANG_WARN_EMPTY_BODY = YES;
				CLANG_WARN_ENUM_CONVERSION = YES;
				CLANG_WARN_INT_CONVERSION = YES;
				CLANG_WARN_OBJC_ROOT_CLASS = YES_ERROR;
				CLANG_WARN_UNREACHABLE_CODE = YES;
				CLANG_WARN__DUPLICATE_METHOD_MATCH = YES;
				"CODE_SIGN_IDENTITY[sdk=iphoneos*]" = "iPhone Developer";
				COPY_PHASE_STRIP = YES;
				ENABLE_NS_ASSERTIONS = NO;
				ENABLE_STRICT_OBJC_MSGSEND = YES;
				GCC_C_LANGUAGE_STANDARD = gnu99;
				GCC_WARN_64_TO_32_BIT_CONVERSION = YES;
				GCC_WARN_ABOUT_RETURN_TYPE = YES_ERROR;
				GCC_WARN_UNDECLARED_SELECTOR = YES;
				GCC_WARN_UNINITIALIZED_AUTOS = YES_AGGRESSIVE;
				GCC_WARN_UNUSED_FUNCTION = YES;
				GCC_WARN_UNUSED_VARIABLE = YES;
				IPHONEOS_DEPLOYMENT_TARGET = 8.1;
				MTL_ENABLE_DEBUG_INFO = NO;
				SDKROOT = iphoneos;
				TARGETED_DEVICE_FAMILY = "1,2";
				VALIDATE_PRODUCT = YES;
			};
			name = Release;
		};
		35B78A381A2F882000C04018 /* Debug */ = {
			isa = XCBuildConfiguration;
			buildSettings = {
				ASSETCATALOG_COMPILER_APPICON_NAME = AppIcon;
				ASSETCATALOG_COMPILER_LAUNCHIMAGE_NAME = "LaunchImage-2";
				CODE_SIGN_IDENTITY = "iPhone Developer";
				FRAMEWORK_SEARCH_PATHS = (
					"$(inherited)",
					/Users/lukaswinkler/Documents/FacebookSDK,
				);
				INFOPLIST_FILE = ScentLane/Resources/Info.plist;
				LD_RUNPATH_SEARCH_PATHS = "$(inherited) @executable_path/Frameworks";
				PRODUCT_NAME = "$(TARGET_NAME)";
				TARGETED_DEVICE_FAMILY = 1;
			};
			name = Debug;
		};
		35B78A391A2F882000C04018 /* Release */ = {
			isa = XCBuildConfiguration;
			buildSettings = {
				ASSETCATALOG_COMPILER_APPICON_NAME = AppIcon;
				ASSETCATALOG_COMPILER_LAUNCHIMAGE_NAME = "LaunchImage-2";
				CODE_SIGN_IDENTITY = "iPhone Developer";
				FRAMEWORK_SEARCH_PATHS = (
					"$(inherited)",
					/Users/lukaswinkler/Documents/FacebookSDK,
				);
				INFOPLIST_FILE = ScentLane/Resources/Info.plist;
				LD_RUNPATH_SEARCH_PATHS = "$(inherited) @executable_path/Frameworks";
				PRODUCT_NAME = "$(TARGET_NAME)";
				TARGETED_DEVICE_FAMILY = 1;
			};
			name = Release;
		};
		35B78A3B1A2F882000C04018 /* Debug */ = {
			isa = XCBuildConfiguration;
			buildSettings = {
				BUNDLE_LOADER = "$(TEST_HOST)";
				FRAMEWORK_SEARCH_PATHS = (
					"$(SDKROOT)/Developer/Library/Frameworks",
					"$(inherited)",
				);
				GCC_PREPROCESSOR_DEFINITIONS = (
					"DEBUG=1",
					"$(inherited)",
				);
				INFOPLIST_FILE = ScentLaneTests/Info.plist;
				LD_RUNPATH_SEARCH_PATHS = "$(inherited) @executable_path/Frameworks @loader_path/Frameworks";
				PRODUCT_NAME = "$(TARGET_NAME)";
				TEST_HOST = "$(BUILT_PRODUCTS_DIR)/ScentLane.app/ScentLane";
			};
			name = Debug;
		};
		35B78A3C1A2F882000C04018 /* Release */ = {
			isa = XCBuildConfiguration;
			buildSettings = {
				BUNDLE_LOADER = "$(TEST_HOST)";
				FRAMEWORK_SEARCH_PATHS = (
					"$(SDKROOT)/Developer/Library/Frameworks",
					"$(inherited)",
				);
				INFOPLIST_FILE = ScentLaneTests/Info.plist;
				LD_RUNPATH_SEARCH_PATHS = "$(inherited) @executable_path/Frameworks @loader_path/Frameworks";
				PRODUCT_NAME = "$(TARGET_NAME)";
				TEST_HOST = "$(BUILT_PRODUCTS_DIR)/ScentLane.app/ScentLane";
			};
			name = Release;
		};
/* End XCBuildConfiguration section */

/* Begin XCConfigurationList section */
		35B78A091A2F882000C04018 /* Build configuration list for PBXProject "ScentLane" */ = {
			isa = XCConfigurationList;
			buildConfigurations = (
				35B78A351A2F882000C04018 /* Debug */,
				35B78A361A2F882000C04018 /* Release */,
			);
			defaultConfigurationIsVisible = 0;
			defaultConfigurationName = Release;
		};
		35B78A371A2F882000C04018 /* Build configuration list for PBXNativeTarget "ScentLane" */ = {
			isa = XCConfigurationList;
			buildConfigurations = (
				35B78A381A2F882000C04018 /* Debug */,
				35B78A391A2F882000C04018 /* Release */,
			);
			defaultConfigurationIsVisible = 0;
			defaultConfigurationName = Release;
		};
		35B78A3A1A2F882000C04018 /* Build configuration list for PBXNativeTarget "ScentLaneTests" */ = {
			isa = XCConfigurationList;
			buildConfigurations = (
				35B78A3B1A2F882000C04018 /* Debug */,
				35B78A3C1A2F882000C04018 /* Release */,
			);
			defaultConfigurationIsVisible = 0;
			defaultConfigurationName = Release;
		};
/* End XCConfigurationList section */

/* Begin XCVersionGroup section */
		35B78A6D1A2F8C4B00C04018 /* ScentLane.xcdatamodeld */ = {
			isa = XCVersionGroup;
			children = (
				35B78A6E1A2F8C4B00C04018 /* ScentLane.xcdatamodel */,
			);
			currentVersion = 35B78A6E1A2F8C4B00C04018 /* ScentLane.xcdatamodel */;
			name = ScentLane.xcdatamodeld;
			path = Model/ScentLane.xcdatamodeld;
			sourceTree = "<group>";
			versionGroupType = wrapper.xcdatamodel;
		};
/* End XCVersionGroup section */
	};
	rootObject = 35B78A061A2F882000C04018 /* Project object */;
}
