// !$*UTF8*$!
{
	archiveVersion = 1;
	classes = {
	};
	objectVersion = 46;
	objects = {

/* Begin PBXBuildFile section */
		01FB866A169E2D8B00A0A1A8 /* UIKit.framework in Frameworks */ = {isa = PBXBuildFile; fileRef = 01FB8669169E2D8B00A0A1A8 /* UIKit.framework */; };
		01FB866C169E2D8B00A0A1A8 /* Foundation.framework in Frameworks */ = {isa = PBXBuildFile; fileRef = 01FB866B169E2D8B00A0A1A8 /* Foundation.framework */; };
		01FB866E169E2D8B00A0A1A8 /* CoreGraphics.framework in Frameworks */ = {isa = PBXBuildFile; fileRef = 01FB866D169E2D8B00A0A1A8 /* CoreGraphics.framework */; };
		01FB868F169E2DA500A0A1A8 /* SWRevealViewController.m in Sources */ = {isa = PBXBuildFile; fileRef = 01FB868E169E2DA500A0A1A8 /* SWRevealViewController.m */; };
		01FB86B0169E42B600A0A1A8 /* MapKit.framework in Frameworks */ = {isa = PBXBuildFile; fileRef = 01FB86AF169E42B600A0A1A8 /* MapKit.framework */; };
		35167ACB19D41DF2002B75B8 /* CoreLocation.framework in Frameworks */ = {isa = PBXBuildFile; fileRef = 35167ACA19D41DF2002B75B8 /* CoreLocation.framework */; };
		3556233E19DC1E68003CCA88 /* InfoPlist.strings in Resources */ = {isa = PBXBuildFile; fileRef = 3556233C19DC1E68003CCA88 /* InfoPlist.strings */; };
		3556234019DC1E70003CCA88 /* ScentLane-Info.plist in Resources */ = {isa = PBXBuildFile; fileRef = 3556233F19DC1E70003CCA88 /* ScentLane-Info.plist */; };
		3556234319DC1E82003CCA88 /* point_marker.png in Resources */ = {isa = PBXBuildFile; fileRef = 3556234119DC1E82003CCA88 /* point_marker.png */; };
		3556234419DC1E82003CCA88 /* point_marker@2x.png in Resources */ = {isa = PBXBuildFile; fileRef = 3556234219DC1E82003CCA88 /* point_marker@2x.png */; };
		3556234819DC1E94003CCA88 /* default.png in Resources */ = {isa = PBXBuildFile; fileRef = 3556234519DC1E94003CCA88 /* default.png */; };
		3556234919DC1E94003CCA88 /* Default-568h@2x.png in Resources */ = {isa = PBXBuildFile; fileRef = 3556234619DC1E94003CCA88 /* Default-568h@2x.png */; };
		3556234A19DC1E94003CCA88 /* default@2x.png in Resources */ = {isa = PBXBuildFile; fileRef = 3556234719DC1E94003CCA88 /* default@2x.png */; };
		3556234C19DC1E9F003CCA88 /* black.png in Resources */ = {isa = PBXBuildFile; fileRef = 3556234B19DC1E9F003CCA88 /* black.png */; };
		3556234E19DC1EA9003CCA88 /* main.m in Sources */ = {isa = PBXBuildFile; fileRef = 3556234D19DC1EA9003CCA88 /* main.m */; };
		3556235119DC1EBD003CCA88 /* reveal-icon.png in Resources */ = {isa = PBXBuildFile; fileRef = 3556234F19DC1EBD003CCA88 /* reveal-icon.png */; };
		3556235219DC1EBD003CCA88 /* reveal-icon@2x.png in Resources */ = {isa = PBXBuildFile; fileRef = 3556235019DC1EBD003CCA88 /* reveal-icon@2x.png */; };
		358FBB6819DC1D6F006CAC22 /* AccountViewController.m in Sources */ = {isa = PBXBuildFile; fileRef = 358FBB6719DC1D6F006CAC22 /* AccountViewController.m */; };
		358FBB7519DC1D83006CAC22 /* AddTrailItemController.m in Sources */ = {isa = PBXBuildFile; fileRef = 358FBB6A19DC1D83006CAC22 /* AddTrailItemController.m */; };
		358FBB7619DC1D83006CAC22 /* AppDelegate.m in Sources */ = {isa = PBXBuildFile; fileRef = 358FBB6C19DC1D83006CAC22 /* AppDelegate.m */; };
		358FBB7819DC1D83006CAC22 /* LoginViewController.m in Sources */ = {isa = PBXBuildFile; fileRef = 358FBB7019DC1D83006CAC22 /* LoginViewController.m */; };
		358FBB7919DC1D83006CAC22 /* MapViewController.m in Sources */ = {isa = PBXBuildFile; fileRef = 358FBB7219DC1D83006CAC22 /* MapViewController.m */; };
		358FBB7A19DC1D83006CAC22 /* MenuViewController.m in Sources */ = {isa = PBXBuildFile; fileRef = 358FBB7419DC1D83006CAC22 /* MenuViewController.m */; };
		358FBB8119DC1DBB006CAC22 /* TrailItem.m in Sources */ = {isa = PBXBuildFile; fileRef = 358FBB7C19DC1DBB006CAC22 /* TrailItem.m */; };
		358FBB8319DC1DBB006CAC22 /* TrailListController.m in Sources */ = {isa = PBXBuildFile; fileRef = 358FBB8019DC1DBB006CAC22 /* TrailListController.m */; };
		358FBB8819DC1E2F006CAC22 /* MainStoryboard-iPad.storyboard in Resources */ = {isa = PBXBuildFile; fileRef = 358FBB8419DC1E2F006CAC22 /* MainStoryboard-iPad.storyboard */; };
		358FBB8919DC1E2F006CAC22 /* MainStoryboard.storyboard in Resources */ = {isa = PBXBuildFile; fileRef = 358FBB8619DC1E2F006CAC22 /* MainStoryboard.storyboard */; };
		35B6C55C19DAF54600340B9D /* Images.xcassets in Resources */ = {isa = PBXBuildFile; fileRef = 35B6C55B19DAF54600340B9D /* Images.xcassets */; };
/* End PBXBuildFile section */

/* Begin PBXFileReference section */
		01FB8665169E2D8B00A0A1A8 /* ScentLane.app */ = {isa = PBXFileReference; explicitFileType = wrapper.application; includeInIndex = 0; path = ScentLane.app; sourceTree = BUILT_PRODUCTS_DIR; };
		01FB8669169E2D8B00A0A1A8 /* UIKit.framework */ = {isa = PBXFileReference; lastKnownFileType = wrapper.framework; name = UIKit.framework; path = System/Library/Frameworks/UIKit.framework; sourceTree = SDKROOT; };
		01FB866B169E2D8B00A0A1A8 /* Foundation.framework */ = {isa = PBXFileReference; lastKnownFileType = wrapper.framework; name = Foundation.framework; path = System/Library/Frameworks/Foundation.framework; sourceTree = SDKROOT; };
		01FB866D169E2D8B00A0A1A8 /* CoreGraphics.framework */ = {isa = PBXFileReference; lastKnownFileType = wrapper.framework; name = CoreGraphics.framework; path = System/Library/Frameworks/CoreGraphics.framework; sourceTree = SDKROOT; };
		01FB868D169E2DA500A0A1A8 /* SWRevealViewController.h */ = {isa = PBXFileReference; fileEncoding = 4; lastKnownFileType = sourcecode.c.h; path = SWRevealViewController.h; sourceTree = "<group>"; };
		01FB868E169E2DA500A0A1A8 /* SWRevealViewController.m */ = {isa = PBXFileReference; fileEncoding = 4; lastKnownFileType = sourcecode.c.objc; path = SWRevealViewController.m; sourceTree = "<group>"; };
		01FB86AF169E42B600A0A1A8 /* MapKit.framework */ = {isa = PBXFileReference; lastKnownFileType = wrapper.framework; name = MapKit.framework; path = System/Library/Frameworks/MapKit.framework; sourceTree = SDKROOT; };
		35167ACA19D41DF2002B75B8 /* CoreLocation.framework */ = {isa = PBXFileReference; lastKnownFileType = wrapper.framework; name = CoreLocation.framework; path = System/Library/Frameworks/CoreLocation.framework; sourceTree = SDKROOT; };
		3556233B19DC1E51003CCA88 /* ScentLane-Prefix.pch */ = {isa = PBXFileReference; lastKnownFileType = sourcecode.c.h; name = "ScentLane-Prefix.pch"; path = "ScentLane/ScentLane-Prefix.pch"; sourceTree = SOURCE_ROOT; };
		3556233D19DC1E68003CCA88 /* en */ = {isa = PBXFileReference; lastKnownFileType = text.plist.strings; name = en; path = ScentLane/en.lproj/InfoPlist.strings; sourceTree = SOURCE_ROOT; };
		3556233F19DC1E70003CCA88 /* ScentLane-Info.plist */ = {isa = PBXFileReference; fileEncoding = 4; lastKnownFileType = text.plist.xml; name = "ScentLane-Info.plist"; path = "ScentLane/ScentLane-Info.plist"; sourceTree = SOURCE_ROOT; };
		3556234119DC1E82003CCA88 /* point_marker.png */ = {isa = PBXFileReference; lastKnownFileType = image.png; name = point_marker.png; path = ScentLane/point_marker.png; sourceTree = SOURCE_ROOT; };
		3556234219DC1E82003CCA88 /* point_marker@2x.png */ = {isa = PBXFileReference; lastKnownFileType = image.png; name = "point_marker@2x.png"; path = "ScentLane/point_marker@2x.png"; sourceTree = SOURCE_ROOT; };
		3556234519DC1E94003CCA88 /* default.png */ = {isa = PBXFileReference; lastKnownFileType = image.png; name = default.png; path = ScentLane/default.png; sourceTree = SOURCE_ROOT; };
		3556234619DC1E94003CCA88 /* Default-568h@2x.png */ = {isa = PBXFileReference; lastKnownFileType = image.png; name = "Default-568h@2x.png"; path = "ScentLane/Default-568h@2x.png"; sourceTree = SOURCE_ROOT; };
		3556234719DC1E94003CCA88 /* default@2x.png */ = {isa = PBXFileReference; lastKnownFileType = image.png; name = "default@2x.png"; path = "ScentLane/default@2x.png"; sourceTree = SOURCE_ROOT; };
		3556234B19DC1E9F003CCA88 /* black.png */ = {isa = PBXFileReference; lastKnownFileType = image.png; name = black.png; path = ScentLane/black.png; sourceTree = SOURCE_ROOT; };
		3556234D19DC1EA9003CCA88 /* main.m */ = {isa = PBXFileReference; fileEncoding = 4; lastKnownFileType = sourcecode.c.objc; name = main.m; path = ScentLane/main.m; sourceTree = SOURCE_ROOT; };
		3556234F19DC1EBD003CCA88 /* reveal-icon.png */ = {isa = PBXFileReference; lastKnownFileType = image.png; name = "reveal-icon.png"; path = "ScentLane/reveal-icon.png"; sourceTree = SOURCE_ROOT; };
		3556235019DC1EBD003CCA88 /* reveal-icon@2x.png */ = {isa = PBXFileReference; lastKnownFileType = image.png; name = "reveal-icon@2x.png"; path = "ScentLane/reveal-icon@2x.png"; sourceTree = SOURCE_ROOT; };
		358FBB6619DC1D6F006CAC22 /* AccountViewController.h */ = {isa = PBXFileReference; fileEncoding = 4; lastKnownFileType = sourcecode.c.h; name = AccountViewController.h; path = ScentLane/AccountViewController.h; sourceTree = SOURCE_ROOT; };
		358FBB6719DC1D6F006CAC22 /* AccountViewController.m */ = {isa = PBXFileReference; fileEncoding = 4; lastKnownFileType = sourcecode.c.objc; name = AccountViewController.m; path = ScentLane/AccountViewController.m; sourceTree = SOURCE_ROOT; };
		358FBB6919DC1D83006CAC22 /* AddTrailItemController.h */ = {isa = PBXFileReference; fileEncoding = 4; lastKnownFileType = sourcecode.c.h; name = AddTrailItemController.h; path = ScentLane/AddTrailItemController.h; sourceTree = SOURCE_ROOT; };
		358FBB6A19DC1D83006CAC22 /* AddTrailItemController.m */ = {isa = PBXFileReference; fileEncoding = 4; lastKnownFileType = sourcecode.c.objc; name = AddTrailItemController.m; path = ScentLane/AddTrailItemController.m; sourceTree = SOURCE_ROOT; };
		358FBB6B19DC1D83006CAC22 /* AppDelegate.h */ = {isa = PBXFileReference; fileEncoding = 4; lastKnownFileType = sourcecode.c.h; name = AppDelegate.h; path = ScentLane/AppDelegate.h; sourceTree = SOURCE_ROOT; };
		358FBB6C19DC1D83006CAC22 /* AppDelegate.m */ = {isa = PBXFileReference; fileEncoding = 4; lastKnownFileType = sourcecode.c.objc; name = AppDelegate.m; path = ScentLane/AppDelegate.m; sourceTree = SOURCE_ROOT; };
		358FBB6F19DC1D83006CAC22 /* LoginViewController.h */ = {isa = PBXFileReference; fileEncoding = 4; lastKnownFileType = sourcecode.c.h; name = LoginViewController.h; path = ScentLane/LoginViewController.h; sourceTree = SOURCE_ROOT; };
		358FBB7019DC1D83006CAC22 /* LoginViewController.m */ = {isa = PBXFileReference; fileEncoding = 4; lastKnownFileType = sourcecode.c.objc; name = LoginViewController.m; path = ScentLane/LoginViewController.m; sourceTree = SOURCE_ROOT; };
		358FBB7119DC1D83006CAC22 /* MapViewController.h */ = {isa = PBXFileReference; fileEncoding = 4; lastKnownFileType = sourcecode.c.h; name = MapViewController.h; path = ScentLane/MapViewController.h; sourceTree = SOURCE_ROOT; };
		358FBB7219DC1D83006CAC22 /* MapViewController.m */ = {isa = PBXFileReference; fileEncoding = 4; lastKnownFileType = sourcecode.c.objc; name = MapViewController.m; path = ScentLane/MapViewController.m; sourceTree = SOURCE_ROOT; };
		358FBB7319DC1D83006CAC22 /* MenuViewController.h */ = {isa = PBXFileReference; fileEncoding = 4; lastKnownFileType = sourcecode.c.h; name = MenuViewController.h; path = ScentLane/MenuViewController.h; sourceTree = SOURCE_ROOT; };
		358FBB7419DC1D83006CAC22 /* MenuViewController.m */ = {isa = PBXFileReference; fileEncoding = 4; lastKnownFileType = sourcecode.c.objc; name = MenuViewController.m; path = ScentLane/MenuViewController.m; sourceTree = SOURCE_ROOT; };
		358FBB7B19DC1DBB006CAC22 /* TrailItem.h */ = {isa = PBXFileReference; fileEncoding = 4; lastKnownFileType = sourcecode.c.h; name = TrailItem.h; path = ScentLane/TrailItem.h; sourceTree = SOURCE_ROOT; };
		358FBB7C19DC1DBB006CAC22 /* TrailItem.m */ = {isa = PBXFileReference; fileEncoding = 4; lastKnownFileType = sourcecode.c.objc; name = TrailItem.m; path = ScentLane/TrailItem.m; sourceTree = SOURCE_ROOT; };
		358FBB7F19DC1DBB006CAC22 /* TrailListController.h */ = {isa = PBXFileReference; fileEncoding = 4; lastKnownFileType = sourcecode.c.h; name = TrailListController.h; path = ScentLane/TrailListController.h; sourceTree = SOURCE_ROOT; };
		358FBB8019DC1DBB006CAC22 /* TrailListController.m */ = {isa = PBXFileReference; fileEncoding = 4; lastKnownFileType = sourcecode.c.objc; name = TrailListController.m; path = ScentLane/TrailListController.m; sourceTree = SOURCE_ROOT; };
		358FBB8519DC1E2F006CAC22 /* en */ = {isa = PBXFileReference; lastKnownFileType = file.storyboard; name = en; path = "ScentLane/en.lproj/MainStoryboard-iPad.storyboard"; sourceTree = SOURCE_ROOT; };
		358FBB8719DC1E2F006CAC22 /* en */ = {isa = PBXFileReference; lastKnownFileType = file.storyboard; name = en; path = ScentLane/en.lproj/MainStoryboard.storyboard; sourceTree = SOURCE_ROOT; };
		35B6C55B19DAF54600340B9D /* Images.xcassets */ = {isa = PBXFileReference; lastKnownFileType = folder.assetcatalog; name = Images.xcassets; path = ScentLane/Images.xcassets; sourceTree = SOURCE_ROOT; };
/* End PBXFileReference section */

/* Begin PBXFrameworksBuildPhase section */
		01FB8662169E2D8B00A0A1A8 /* Frameworks */ = {
			isa = PBXFrameworksBuildPhase;
			buildActionMask = 2147483647;
			files = (
				35167ACB19D41DF2002B75B8 /* CoreLocation.framework in Frameworks */,
				01FB86B0169E42B600A0A1A8 /* MapKit.framework in Frameworks */,
				01FB866A169E2D8B00A0A1A8 /* UIKit.framework in Frameworks */,
				01FB866C169E2D8B00A0A1A8 /* Foundation.framework in Frameworks */,
				01FB866E169E2D8B00A0A1A8 /* CoreGraphics.framework in Frameworks */,
			);
			runOnlyForDeploymentPostprocessing = 0;
		};
/* End PBXFrameworksBuildPhase section */

/* Begin PBXGroup section */
		01FB865A169E2D8B00A0A1A8 = {
			isa = PBXGroup;
			children = (
				01FB866F169E2D8B00A0A1A8 /* ScentLane */,
				01FB868C169E2DA500A0A1A8 /* SWRevealViewController */,
				01FB8668169E2D8B00A0A1A8 /* Frameworks */,
				01FB8666169E2D8B00A0A1A8 /* Products */,
			);
			sourceTree = "<group>";
		};
		01FB8666169E2D8B00A0A1A8 /* Products */ = {
			isa = PBXGroup;
			children = (
				01FB8665169E2D8B00A0A1A8 /* ScentLane.app */,
			);
			name = Products;
			sourceTree = "<group>";
		};
		01FB8668169E2D8B00A0A1A8 /* Frameworks */ = {
			isa = PBXGroup;
			children = (
				35167ACA19D41DF2002B75B8 /* CoreLocation.framework */,
				01FB86AF169E42B600A0A1A8 /* MapKit.framework */,
				01FB8669169E2D8B00A0A1A8 /* UIKit.framework */,
				01FB866B169E2D8B00A0A1A8 /* Foundation.framework */,
				01FB866D169E2D8B00A0A1A8 /* CoreGraphics.framework */,
			);
			name = Frameworks;
			sourceTree = "<group>";
		};
		01FB866F169E2D8B00A0A1A8 /* ScentLane */ = {
			isa = PBXGroup;
			children = (
				358FBB8619DC1E2F006CAC22 /* MainStoryboard.storyboard */,
				358FBB6B19DC1D83006CAC22 /* AppDelegate.h */,
				358FBB6C19DC1D83006CAC22 /* AppDelegate.m */,
				358FBB7B19DC1DBB006CAC22 /* TrailItem.h */,
				358FBB7C19DC1DBB006CAC22 /* TrailItem.m */,
				91090B7A1790ED0B0090B501 /* iPad */,
				3556235619DC31F8003CCA88 /* ViewController */,
				01FB8670169E2D8B00A0A1A8 /* Supporting Files */,
			);
			name = ScentLane;
			path = RevealControllerStoryboardExample;
			sourceTree = "<group>";
		};
		01FB8670169E2D8B00A0A1A8 /* Supporting Files */ = {
			isa = PBXGroup;
			children = (
				35B6C55B19DAF54600340B9D /* Images.xcassets */,
				3556233B19DC1E51003CCA88 /* ScentLane-Prefix.pch */,
				3556233C19DC1E68003CCA88 /* InfoPlist.strings */,
				3556233F19DC1E70003CCA88 /* ScentLane-Info.plist */,
				3556234119DC1E82003CCA88 /* point_marker.png */,
				3556234219DC1E82003CCA88 /* point_marker@2x.png */,
				3556234519DC1E94003CCA88 /* default.png */,
				3556234619DC1E94003CCA88 /* Default-568h@2x.png */,
				3556234719DC1E94003CCA88 /* default@2x.png */,
				3556234F19DC1EBD003CCA88 /* reveal-icon.png */,
				3556235019DC1EBD003CCA88 /* reveal-icon@2x.png */,
				3556234B19DC1E9F003CCA88 /* black.png */,
				3556234D19DC1EA9003CCA88 /* main.m */,
			);
			name = "Supporting Files";
			sourceTree = "<group>";
		};
		01FB868C169E2DA500A0A1A8 /* SWRevealViewController */ = {
			isa = PBXGroup;
			children = (
				01FB868D169E2DA500A0A1A8 /* SWRevealViewController.h */,
				01FB868E169E2DA500A0A1A8 /* SWRevealViewController.m */,
			);
			name = SWRevealViewController;
			path = ../SWRevealViewController;
			sourceTree = "<group>";
		};
		3556235619DC31F8003CCA88 /* ViewController */ = {
			isa = PBXGroup;
			children = (
				358FBB6919DC1D83006CAC22 /* AddTrailItemController.h */,
				358FBB6A19DC1D83006CAC22 /* AddTrailItemController.m */,
				358FBB6F19DC1D83006CAC22 /* LoginViewController.h */,
				358FBB7019DC1D83006CAC22 /* LoginViewController.m */,
				358FBB7119DC1D83006CAC22 /* MapViewController.h */,
				358FBB7219DC1D83006CAC22 /* MapViewController.m */,
				358FBB7319DC1D83006CAC22 /* MenuViewController.h */,
				358FBB7419DC1D83006CAC22 /* MenuViewController.m */,
				358FBB6619DC1D6F006CAC22 /* AccountViewController.h */,
				358FBB6719DC1D6F006CAC22 /* AccountViewController.m */,
				358FBB7F19DC1DBB006CAC22 /* TrailListController.h */,
				358FBB8019DC1DBB006CAC22 /* TrailListController.m */,
			);
			name = ViewController;
			sourceTree = "<group>";
		};
		91090B7A1790ED0B0090B501 /* iPad */ = {
			isa = PBXGroup;
			children = (
				358FBB8419DC1E2F006CAC22 /* MainStoryboard-iPad.storyboard */,
			);
			name = iPad;
			sourceTree = "<group>";
		};
/* End PBXGroup section */

/* Begin PBXNativeTarget section */
		01FB8664169E2D8B00A0A1A8 /* ScentLane */ = {
			isa = PBXNativeTarget;
			buildConfigurationList = 01FB8689169E2D8B00A0A1A8 /* Build configuration list for PBXNativeTarget "ScentLane" */;
			buildPhases = (
				01FB8661169E2D8B00A0A1A8 /* Sources */,
				01FB8662169E2D8B00A0A1A8 /* Frameworks */,
				01FB8663169E2D8B00A0A1A8 /* Resources */,
			);
			buildRules = (
			);
			dependencies = (
			);
			name = ScentLane;
			productName = RevealControllerStoryboardExample;
			productReference = 01FB8665169E2D8B00A0A1A8 /* ScentLane.app */;
			productType = "com.apple.product-type.application";
		};
/* End PBXNativeTarget section */

/* Begin PBXProject section */
		01FB865C169E2D8B00A0A1A8 /* Project object */ = {
			isa = PBXProject;
			attributes = {
				LastUpgradeCheck = 0450;
				ORGANIZATIONNAME = Steckler;
				TargetAttributes = {
					01FB8664169E2D8B00A0A1A8 = {
						DevelopmentTeam = PMU776U7FN;
					};
				};
			};
			buildConfigurationList = 01FB865F169E2D8B00A0A1A8 /* Build configuration list for PBXProject "ScentLane" */;
			compatibilityVersion = "Xcode 3.2";
			developmentRegion = English;
			hasScannedForEncodings = 0;
			knownRegions = (
				en,
			);
			mainGroup = 01FB865A169E2D8B00A0A1A8;
			productRefGroup = 01FB8666169E2D8B00A0A1A8 /* Products */;
			projectDirPath = "";
			projectRoot = "";
			targets = (
				01FB8664169E2D8B00A0A1A8 /* ScentLane */,
			);
		};
/* End PBXProject section */

/* Begin PBXResourcesBuildPhase section */
		01FB8663169E2D8B00A0A1A8 /* Resources */ = {
			isa = PBXResourcesBuildPhase;
			buildActionMask = 2147483647;
			files = (
				3556234C19DC1E9F003CCA88 /* black.png in Resources */,
				3556234319DC1E82003CCA88 /* point_marker.png in Resources */,
				358FBB8819DC1E2F006CAC22 /* MainStoryboard-iPad.storyboard in Resources */,
				3556234419DC1E82003CCA88 /* point_marker@2x.png in Resources */,
				3556234819DC1E94003CCA88 /* default.png in Resources */,
				3556234A19DC1E94003CCA88 /* default@2x.png in Resources */,
				3556234919DC1E94003CCA88 /* Default-568h@2x.png in Resources */,
				3556235219DC1EBD003CCA88 /* reveal-icon@2x.png in Resources */,
				3556233E19DC1E68003CCA88 /* InfoPlist.strings in Resources */,
				3556234019DC1E70003CCA88 /* ScentLane-Info.plist in Resources */,
				35B6C55C19DAF54600340B9D /* Images.xcassets in Resources */,
				358FBB8919DC1E2F006CAC22 /* MainStoryboard.storyboard in Resources */,
				3556235119DC1EBD003CCA88 /* reveal-icon.png in Resources */,
			);
			runOnlyForDeploymentPostprocessing = 0;
		};
/* End PBXResourcesBuildPhase section */

/* Begin PBXSourcesBuildPhase section */
		01FB8661169E2D8B00A0A1A8 /* Sources */ = {
			isa = PBXSourcesBuildPhase;
			buildActionMask = 2147483647;
			files = (
				3556234E19DC1EA9003CCA88 /* main.m in Sources */,
				358FBB7A19DC1D83006CAC22 /* MenuViewController.m in Sources */,
				358FBB7519DC1D83006CAC22 /* AddTrailItemController.m in Sources */,
				358FBB8319DC1DBB006CAC22 /* TrailListController.m in Sources */,
				01FB868F169E2DA500A0A1A8 /* SWRevealViewController.m in Sources */,
				358FBB7619DC1D83006CAC22 /* AppDelegate.m in Sources */,
				358FBB7819DC1D83006CAC22 /* LoginViewController.m in Sources */,
				358FBB7919DC1D83006CAC22 /* MapViewController.m in Sources */,
				358FBB6819DC1D6F006CAC22 /* AccountViewController.m in Sources */,
				358FBB8119DC1DBB006CAC22 /* TrailItem.m in Sources */,
			);
			runOnlyForDeploymentPostprocessing = 0;
		};
/* End PBXSourcesBuildPhase section */

/* Begin PBXVariantGroup section */
		3556233C19DC1E68003CCA88 /* InfoPlist.strings */ = {
			isa = PBXVariantGroup;
			children = (
				3556233D19DC1E68003CCA88 /* en */,
			);
			name = InfoPlist.strings;
			sourceTree = "<group>";
		};
		358FBB8419DC1E2F006CAC22 /* MainStoryboard-iPad.storyboard */ = {
			isa = PBXVariantGroup;
			children = (
				358FBB8519DC1E2F006CAC22 /* en */,
			);
			name = "MainStoryboard-iPad.storyboard";
			sourceTree = "<group>";
		};
		358FBB8619DC1E2F006CAC22 /* MainStoryboard.storyboard */ = {
			isa = PBXVariantGroup;
			children = (
				358FBB8719DC1E2F006CAC22 /* en */,
			);
			name = MainStoryboard.storyboard;
			sourceTree = "<group>";
		};
/* End PBXVariantGroup section */

/* Begin XCBuildConfiguration section */
		01FB8687169E2D8B00A0A1A8 /* Debug */ = {
			isa = XCBuildConfiguration;
			buildSettings = {
				ALWAYS_SEARCH_USER_PATHS = NO;
				CLANG_CXX_LANGUAGE_STANDARD = "gnu++0x";
				CLANG_CXX_LIBRARY = "libc++";
				CLANG_ENABLE_OBJC_ARC = YES;
				CLANG_WARN_EMPTY_BODY = YES;
				CLANG_WARN__DUPLICATE_METHOD_MATCH = YES;
				"CODE_SIGN_IDENTITY[sdk=iphoneos*]" = "iPhone Developer";
				COPY_PHASE_STRIP = NO;
				GCC_C_LANGUAGE_STANDARD = gnu99;
				GCC_DYNAMIC_NO_PIC = NO;
				GCC_OPTIMIZATION_LEVEL = 0;
				GCC_PREPROCESSOR_DEFINITIONS = (
					"DEBUG=1",
					"$(inherited)",
				);
				GCC_SYMBOLS_PRIVATE_EXTERN = NO;
				GCC_WARN_ABOUT_RETURN_TYPE = YES;
				GCC_WARN_UNINITIALIZED_AUTOS = YES;
				GCC_WARN_UNUSED_VARIABLE = YES;
				INFOPLIST_FILE = "$(SRCROOT)/ScentLane/ScentLane-Info.plist";
				IPHONEOS_DEPLOYMENT_TARGET = 7.0;
				ONLY_ACTIVE_ARCH = YES;
				PRECOMPS_INCLUDE_HEADERS_FROM_BUILT_PRODUCTS_DIR = YES;
				SDKROOT = iphoneos;
			};
			name = Debug;
		};
		01FB8688169E2D8B00A0A1A8 /* Release */ = {
			isa = XCBuildConfiguration;
			buildSettings = {
				ALWAYS_SEARCH_USER_PATHS = NO;
				CLANG_CXX_LANGUAGE_STANDARD = "gnu++0x";
				CLANG_CXX_LIBRARY = "libc++";
				CLANG_ENABLE_OBJC_ARC = YES;
				CLANG_WARN_EMPTY_BODY = YES;
				CLANG_WARN__DUPLICATE_METHOD_MATCH = YES;
				"CODE_SIGN_IDENTITY[sdk=iphoneos*]" = "iPhone Developer";
				COPY_PHASE_STRIP = YES;
				GCC_C_LANGUAGE_STANDARD = gnu99;
				GCC_WARN_ABOUT_RETURN_TYPE = YES;
				GCC_WARN_UNINITIALIZED_AUTOS = YES;
				GCC_WARN_UNUSED_VARIABLE = YES;
				INFOPLIST_FILE = "$(SRCROOT)/ScentLane/ScentLane-Info.plist";
				IPHONEOS_DEPLOYMENT_TARGET = 7.0;
				OTHER_CFLAGS = "-DNS_BLOCK_ASSERTIONS=1";
				PRECOMPS_INCLUDE_HEADERS_FROM_BUILT_PRODUCTS_DIR = YES;
				SDKROOT = iphoneos;
				VALIDATE_PRODUCT = YES;
			};
			name = Release;
		};
		01FB868A169E2D8B00A0A1A8 /* Debug */ = {
			isa = XCBuildConfiguration;
			buildSettings = {
				ASSETCATALOG_COMPILER_APPICON_NAME = AppIcon;
				ASSETCATALOG_COMPILER_LAUNCHIMAGE_NAME = LaunchImage;
				CODE_SIGN_IDENTITY = "iPhone Developer";
				GCC_PRECOMPILE_PREFIX_HEADER = YES;
				GCC_PREFIX_HEADER = "ScentLane/ScentLane-Prefix.pch";
				INFOPLIST_FILE = "$(SRCROOT)/ScentLane/ScentLane-Info.plist";
				IPHONEOS_DEPLOYMENT_TARGET = 8.0;
				PRECOMPS_INCLUDE_HEADERS_FROM_BUILT_PRODUCTS_DIR = YES;
				PRODUCT_NAME = ScentLane;
				TARGETED_DEVICE_FAMILY = "1,2";
				WRAPPER_EXTENSION = app;
			};
			name = Debug;
		};
		01FB868B169E2D8B00A0A1A8 /* Release */ = {
			isa = XCBuildConfiguration;
			buildSettings = {
				ASSETCATALOG_COMPILER_APPICON_NAME = AppIcon;
				ASSETCATALOG_COMPILER_LAUNCHIMAGE_NAME = LaunchImage;
				CODE_SIGN_IDENTITY = "iPhone Developer";
				GCC_PRECOMPILE_PREFIX_HEADER = YES;
				GCC_PREFIX_HEADER = "ScentLane/ScentLane-Prefix.pch";
				INFOPLIST_FILE = "$(SRCROOT)/ScentLane/ScentLane-Info.plist";
				IPHONEOS_DEPLOYMENT_TARGET = 8.0;
				PRECOMPS_INCLUDE_HEADERS_FROM_BUILT_PRODUCTS_DIR = YES;
				PRODUCT_NAME = ScentLane;
				TARGETED_DEVICE_FAMILY = "1,2";
				WRAPPER_EXTENSION = app;
			};
			name = Release;
		};
/* End XCBuildConfiguration section */

/* Begin XCConfigurationList section */
		01FB865F169E2D8B00A0A1A8 /* Build configuration list for PBXProject "ScentLane" */ = {
			isa = XCConfigurationList;
			buildConfigurations = (
				01FB8687169E2D8B00A0A1A8 /* Debug */,
				01FB8688169E2D8B00A0A1A8 /* Release */,
			);
			defaultConfigurationIsVisible = 0;
			defaultConfigurationName = Release;
		};
		01FB8689169E2D8B00A0A1A8 /* Build configuration list for PBXNativeTarget "ScentLane" */ = {
			isa = XCConfigurationList;
			buildConfigurations = (
				01FB868A169E2D8B00A0A1A8 /* Debug */,
				01FB868B169E2D8B00A0A1A8 /* Release */,
			);
			defaultConfigurationIsVisible = 0;
			defaultConfigurationName = Release;
		};
/* End XCConfigurationList section */
	};
	rootObject = 01FB865C169E2D8B00A0A1A8 /* Project object */;
}
